
Microsoft Visual Studio Solution File, Format Version 12.00
# Visual Studio Version 17
VisualStudioVersion = 17.8.34330.188
MinimumVisualStudioVersion = 10.0.40219.1
Project("{FAE04EC0-301F-11D3-BF4B-00C04F79EFBC}") = "ThuongMaiDienTuWebAPI", "ThuongMaiDienTuWebAPI.csproj", "{7EF998C8-D442-4460-8443-117E735071C3}"
EndProject
Global
	GlobalSection(SolutionConfigurationPlatforms) = preSolution
		Debug|Any CPU = Debug|Any CPU
		Release|Any CPU = Release|Any CPU
	EndGlobalSection
	GlobalSection(ProjectConfigurationPlatforms) = postSolution
		{7EF998C8-D442-4460-8443-117E735071C3}.Debug|Any CPU.ActiveCfg = Debug|Any CPU
		{7EF998C8-D442-4460-8443-117E735071C3}.Debug|Any CPU.Build.0 = Debug|Any CPU
		{7EF998C8-D442-4460-8443-117E735071C3}.Release|Any CPU.ActiveCfg = Release|Any CPU
		{7EF998C8-D442-4460-8443-117E735071C3}.Release|Any CPU.Build.0 = Release|Any CPU
	EndGlobalSection
	GlobalSection(SolutionProperties) = preSolution
		HideSolutionNode = FALSE
	EndGlobalSection
	GlobalSection(ExtensibilityGlobals) = postSolution
		SolutionGuid = {6452A300-7166-4CE4-AA29-5C11089F0062}
	EndGlobalSection
EndGlobal
